{
  "nodes": {
    "flake-parts": {
      "inputs": {
        "nixpkgs-lib": "nixpkgs-lib"
      },
      "locked": {
        "lastModified": 1778716662,
        "narHash": "sha256-m1Yf0wZ8j1OHjTc2UwHwyQRSnNeSgLJOd7q5Y45hzi4=",
        "owner": "hercules-ci",
        "repo": "flake-parts",
        "rev": "f7c1a2d347e4c52d5fb8d10cb4d94b5884e546fb",
        "type": "github"
      },
      "original": {
        "owner": "hercules-ci",
        "repo": "flake-parts",
        "type": "github"
      }
    },
    "home-manager": {
      "inputs": {
        "nixpkgs": [
          "nixpkgs"
        ]
      },
      "locked": {
        "lastModified": 1781115031,
        "narHash": "sha256-WrHqMjiilIoqF1Lu5mxt9ypdl+VsNfX323LR4PcY4Bs=",
        "owner": "nix-community",
        "repo": "home-manager",
        "rev": "f96f717a47589c9d0b6e21f1a0d0d42d2c576f18",
        "type": "github"
      },
      "original": {
        "owner": "nix-community",
        "repo": "home-manager",
        "type": "github"
      }
    },
    "nix-darwin": {
      "inputs": {
        "nixpkgs": [
          "nixpkgs"
        ]
      },
      "locked": {
        "lastModified": 1780795403,
        "narHash": "sha256-AkWx4Zt9pQbD/f82Z8N57+d0HGLN/rV3gdMKJTpBPKs=",
        "owner": "nix-darwin",
        "repo": "nix-darwin",
        "rev": "6a771120d607dcccb279a27d227650e324815c35",
        "type": "github"
      },
      "original": {
        "owner": "nix-darwin",
        "ref": "master",
        "repo": "nix-darwin",
        "type": "github"
      }
    },
    "nixpkgs": {
      "locked": {
        "lastModified": 1781610993,
        "narHash": "sha256-5WfNNTxz8yl8/qM9XT0M73wxE3sozwuaBTaqiXc91JA=",
        "owner": "NixOS",
        "repo": "nixpkgs",
        "rev": "4201124868727935fb65c7190f7c22b0a4d3b74a",
        "type": "github"
      },
      "original": {
        "id": "nixpkgs",
        "ref": "nixos-unstable",
        "type": "indirect"
      }
    },
    "nixpkgs-lib": {
      "locked": {
        "lastModified": 1777168982,
        "narHash": "sha256-GOkGPcboWE9BmGCRMLX3worL4EMnsnG8MyKmXNeYuhQ=",
        "owner": "nix-community",
        "repo": "nixpkgs.lib",
        "rev": "f5901329dade4a6ea039af1433fb087bd9c1fe14",
        "type": "github"
      },
      "original": {
        "owner": "nix-community",
        "repo": "nixpkgs.lib",
        "type": "github"
      }
    },
    "opencode": {
      "inputs": {
        "nixpkgs": [
          "nixpkgs"
        ]
      },
      "locked": {
        "lastModified": 1781462950,
        "narHash": "sha256-rTeJuwqc11r6Xiksfg5IoTezK2ZtG3GlenQCxTW04P4=",
        "owner": "anomalyco",
        "repo": "opencode",
        "rev": "4ed4f749e644ffb5b279fb30b7b915e743d80142",
        "type": "github"
      },
      "original": {
        "owner": "anomalyco",
        "ref": "v1.17.7",
        "repo": "opencode",
        "type": "github"
      }
    },
    "programmer-dvorak-compose": {
      "inputs": {
        "nixpkgs": [
          "nixpkgs"
        ]
      },
      "locked": {
        "lastModified": 1779226986,
        "narHash": "sha256-ZCMjYE3g2076yD+jaEonXNWW2AC+hfzMLew8x7XfWUY=",
        "owner": "attilaolah",
        "repo": "programmer-dvorak-compose",
        "rev": "d4fe8e8b559edb0b94b81db44d73a9b9940a1b40",
        "type": "github"
      },
      "original": {
        "owner": "attilaolah",
        "ref": "v1.4.2",
        "repo": "programmer-dvorak-compose",
        "type": "github"
      }
    },
    "root": {
      "inputs": {
        "flake-parts": "flake-parts",
        "home-manager": "home-manager",
        "nix-darwin": "nix-darwin",
        "nixpkgs": "nixpkgs",
        "opencode": "opencode",
        "programmer-dvorak-compose": "programmer-dvorak-compose",
        "sops-nix": "sops-nix"
      }
    },
    "sops-nix": {
      "inputs": {
        "nixpkgs": [
          "nixpkgs"
        ]
      },
      "locked": {
        "lastModified": 1780547341,
        "narHash": "sha256-Gq8KNx5A7hBB3uGJaj6eQfLDIz5YdLu92gqBcvHvoUo=",
        "owner": "Mic92",
        "repo": "sops-nix",
        "rev": "9ed65852b6257fbeae4355bc24ecfea307ca759a",
        "type": "github"
      },
      "original": {
        "owner": "Mic92",
        "repo": "sops-nix",
        "type": "github"
      }
    }
  },
  "root": "root",
  "version": 7
}
